
Microsoft Visual Studio Solution File, Format Version 12.00
# Visual Studio 15
VisualStudioVersion = 15.0.27130.0
MinimumVisualStudioVersion = 10.0.40219.1
Project("{FAE04EC0-301F-11D3-BF4B-00C04F79EFBC}") = "KKUAirline", "KKUAirline\KKUAirline.csproj", "{7DAA2968-93B7-4BC1-ADDF-9389C1115D2E}"
EndProject
Project("{54435603-DBB4-11D2-8724-00A0C9A8B90C}") = "KKUAirline_Setup", "KKUAirline_Setup\KKUAirline_Setup.vdproj", "{561FC3FF-A297-4184-B73D-2FEC854423DB}"
EndProject
Global
	GlobalSection(SolutionConfigurationPlatforms) = preSolution
		Debug|Any CPU = Debug|Any CPU
		Release|Any CPU = Release|Any CPU
	EndGlobalSection
	GlobalSection(ProjectConfigurationPlatforms) = postSolution
		{7DAA2968-93B7-4BC1-ADDF-9389C1115D2E}.Debug|Any CPU.ActiveCfg = Debug|Any CPU
		{7DAA2968-93B7-4BC1-ADDF-9389C1115D2E}.Debug|Any CPU.Build.0 = Debug|Any CPU
		{7DAA2968-93B7-4BC1-ADDF-9389C1115D2E}.Release|Any CPU.ActiveCfg = Release|Any CPU
		{7DAA2968-93B7-4BC1-ADDF-9389C1115D2E}.Release|Any CPU.Build.0 = Release|Any CPU
		{561FC3FF-A297-4184-B73D-2FEC854423DB}.Debug|Any CPU.ActiveCfg = Debug
		{561FC3FF-A297-4184-B73D-2FEC854423DB}.Release|Any CPU.ActiveCfg = Release
	EndGlobalSection
	GlobalSection(SolutionProperties) = preSolution
		HideSolutionNode = FALSE
	EndGlobalSection
	GlobalSection(ExtensibilityGlobals) = postSolution
		SolutionGuid = {23506C7E-2F39-4CFA-9040-09C962CDA6DA}
	EndGlobalSection
EndGlobal
